
Microsoft Visual Studio Solution File, Format Version 12.00
# Visual Studio Version 17
VisualStudioVersion = 17.2.32516.85
MinimumVisualStudioVersion = 10.0.40219.1
Project("{FAE04EC0-301F-11D3-BF4B-00C04F79EFBC}") = "CloudDataSecurity2", "CloudDataSecurity2.csproj", "{46DC24C3-4C47-4B91-A4C7-3932759C3CB1}"
EndProject
Project("{FAE04EC0-301F-11D3-BF4B-00C04F79EFBC}") = "ECC", "..\ECC\ECC.csproj", "{30AFFA2C-7E4B-4A5B-84E7-69E113551BA8}"
EndProject
Global
	GlobalSection(SolutionConfigurationPlatforms) = preSolution
		Debug|Any CPU = Debug|Any CPU
		Release|Any CPU = Release|Any CPU
	EndGlobalSection
	GlobalSection(ProjectConfigurationPlatforms) = postSolution
		{46DC24C3-4C47-4B91-A4C7-3932759C3CB1}.Debug|Any CPU.ActiveCfg = Debug|Any CPU
		{46DC24C3-4C47-4B91-A4C7-3932759C3CB1}.Debug|Any CPU.Build.0 = Debug|Any CPU
		{46DC24C3-4C47-4B91-A4C7-3932759C3CB1}.Release|Any CPU.ActiveCfg = Release|Any CPU
		{46DC24C3-4C47-4B91-A4C7-3932759C3CB1}.Release|Any CPU.Build.0 = Release|Any CPU
		{30AFFA2C-7E4B-4A5B-84E7-69E113551BA8}.Debug|Any CPU.ActiveCfg = Debug|Any CPU
		{30AFFA2C-7E4B-4A5B-84E7-69E113551BA8}.Debug|Any CPU.Build.0 = Debug|Any CPU
		{30AFFA2C-7E4B-4A5B-84E7-69E113551BA8}.Release|Any CPU.ActiveCfg = Release|Any CPU
		{30AFFA2C-7E4B-4A5B-84E7-69E113551BA8}.Release|Any CPU.Build.0 = Release|Any CPU
	EndGlobalSection
	GlobalSection(SolutionProperties) = preSolution
		HideSolutionNode = FALSE
	EndGlobalSection
	GlobalSection(ExtensibilityGlobals) = postSolution
		SolutionGuid = {9C906D26-8495-42C3-B555-85D7B612B11E}
	EndGlobalSection
EndGlobal
